
Microsoft Visual Studio Solution File, Format Version 12.00
# Visual Studio 14
VisualStudioVersion = 14.0.25123.0
MinimumVisualStudioVersion = 10.0.40219.1
Project("{FAE04EC0-301F-11D3-BF4B-00C04F79EFBC}") = "DBLib", "DBLib.csproj", "{15A4051C-8C5C-4F97-B05E-9225219F1195}"
EndProject
Project("{E24C65DC-7377-472B-9ABA-BC803B73C61A}") = "T4tutor", "T4tutor\", "{5AEE745D-F98D-4A86-A601-59370B19C230}"
	ProjectSection(WebsiteProperties) = preProject
		TargetFrameworkMoniker = ".NETFramework,Version%3Dv4.5.2"
		ProjectReferences = "{15a4051c-8c5c-4f97-b05e-9225219f1195}|Tutor Website.dll;"
		Debug.AspNetCompiler.VirtualPath = "/localhost_61356"
		Debug.AspNetCompiler.PhysicalPath = "T4tutor\"
		Debug.AspNetCompiler.TargetPath = "PrecompiledWeb\localhost_61356\"
		Debug.AspNetCompiler.Updateable = "true"
		Debug.AspNetCompiler.ForceOverwrite = "true"
		Debug.AspNetCompiler.FixedNames = "false"
		Debug.AspNetCompiler.Debug = "True"
		Release.AspNetCompiler.VirtualPath = "/localhost_61356"
		Release.AspNetCompiler.PhysicalPath = "T4tutor\"
		Release.AspNetCompiler.TargetPath = "PrecompiledWeb\localhost_61356\"
		Release.AspNetCompiler.Updateable = "true"
		Release.AspNetCompiler.ForceOverwrite = "true"
		Release.AspNetCompiler.FixedNames = "false"
		Release.AspNetCompiler.Debug = "False"
		VWDPort = "61356"
		SlnRelativePath = "T4tutor\"
		DefaultWebSiteLanguage = "Visual C#"
	EndProjectSection
EndProject
Global
	GlobalSection(SolutionConfigurationPlatforms) = preSolution
		Debug|Any CPU = Debug|Any CPU
		Release|Any CPU = Release|Any CPU
	EndGlobalSection
	GlobalSection(ProjectConfigurationPlatforms) = postSolution
		{15A4051C-8C5C-4F97-B05E-9225219F1195}.Debug|Any CPU.ActiveCfg = Debug|Any CPU
		{15A4051C-8C5C-4F97-B05E-9225219F1195}.Debug|Any CPU.Build.0 = Debug|Any CPU
		{15A4051C-8C5C-4F97-B05E-9225219F1195}.Release|Any CPU.ActiveCfg = Release|Any CPU
		{15A4051C-8C5C-4F97-B05E-9225219F1195}.Release|Any CPU.Build.0 = Release|Any CPU
		{5AEE745D-F98D-4A86-A601-59370B19C230}.Debug|Any CPU.ActiveCfg = Debug|Any CPU
		{5AEE745D-F98D-4A86-A601-59370B19C230}.Debug|Any CPU.Build.0 = Debug|Any CPU
		{5AEE745D-F98D-4A86-A601-59370B19C230}.Release|Any CPU.ActiveCfg = Debug|Any CPU
		{5AEE745D-F98D-4A86-A601-59370B19C230}.Release|Any CPU.Build.0 = Debug|Any CPU
	EndGlobalSection
	GlobalSection(SolutionProperties) = preSolution
		HideSolutionNode = FALSE
	EndGlobalSection
EndGlobal
